// !$*UTF8*$!
{
	archiveVersion = 1;
	classes = {
	};
	objectVersion = 54;
	objects = {

/* Begin PBXBuildFile section */
		6B302B872395F4CD00BC77D4 /* ArtworkViews.swift in Sources */ = {isa = PBXBuildFile; fileRef = 6B302B862395F4CD00BC77D4 /* ArtworkViews.swift */; };
		6B302B892395FB9600BC77D4 /* Assets.xcassets in Resources */ = {isa = PBXBuildFile; fileRef = 6B302B882395FB9600BC77D4 /* Assets.xcassets */; };
		6B31094F23954F170016E2D5 /* Artwork.swift in Sources */ = {isa = PBXBuildFile; fileRef = 6B31094E23954F170016E2D5 /* Artwork.swift */; };
		6B55BF14251E2E8300CB2CA0 /* data.json in Resources */ = {isa = PBXBuildFile; fileRef = 6B55BF13251E2E8300CB2CA0 /* data.json */; };
		6BBF88252394A0AA00B07DC6 /* AppDelegate.swift in Sources */ = {isa = PBXBuildFile; fileRef = 6BBF88242394A0AA00B07DC6 /* AppDelegate.swift */; };
		6BBF88272394A0AA00B07DC6 /* SceneDelegate.swift in Sources */ = {isa = PBXBuildFile; fileRef = 6BBF88262394A0AA00B07DC6 /* SceneDelegate.swift */; };
		6BBF88292394A0AA00B07DC6 /* ViewController.swift in Sources */ = {isa = PBXBuildFile; fileRef = 6BBF88282394A0AA00B07DC6 /* ViewController.swift */; };
		6BBF882C2394A0AA00B07DC6 /* Main.storyboard in Resources */ = {isa = PBXBuildFile; fileRef = 6BBF882A2394A0AA00B07DC6 /* Main.storyboard */; };
		6BBF88312394A0AB00B07DC6 /* LaunchScreen.storyboard in Resources */ = {isa = PBXBuildFile; fileRef = 6BBF882F2394A0AB00B07DC6 /* LaunchScreen.storyboard */; };
		DF0CAB362516234000828181 /* LocationDetailsViewController.swift in Sources */ = {isa = PBXBuildFile; fileRef = DF0CAB352516234000828181 /* LocationDetailsViewController.swift */; };
		DF897CA525164BB4001F9B85 /* CustomArtworkCalloutView.swift in Sources */ = {isa = PBXBuildFile; fileRef = DF897CA425164BB4001F9B85 /* CustomArtworkCalloutView.swift */; };
/* End PBXBuildFile section */

/* Begin PBXFileReference section */
		6B302B862395F4CD00BC77D4 /* ArtworkViews.swift */ = {isa = PBXFileReference; lastKnownFileType = sourcecode.swift; path = ArtworkViews.swift; sourceTree = "<group>"; };
		6B302B882395FB9600BC77D4 /* Assets.xcassets */ = {isa = PBXFileReference; lastKnownFileType = folder.assetcatalog; path = Assets.xcassets; sourceTree = "<group>"; };
		6B31094E23954F170016E2D5 /* Artwork.swift */ = {isa = PBXFileReference; fileEncoding = 4; lastKnownFileType = sourcecode.swift; path = Artwork.swift; sourceTree = "<group>"; };
		6B55BF13251E2E8300CB2CA0 /* data.json */ = {isa = PBXFileReference; fileEncoding = 4; lastKnownFileType = text.json; path = data.json; sourceTree = "<group>"; };
		6BBF88212394A0AA00B07DC6 /* DC Bahaí Walking Tour.app */ = {isa = PBXFileReference; explicitFileType = wrapper.application; includeInIndex = 0; path = "DC Bahaí Walking Tour.app"; sourceTree = BUILT_PRODUCTS_DIR; };
		6BBF88242394A0AA00B07DC6 /* AppDelegate.swift */ = {isa = PBXFileReference; lastKnownFileType = sourcecode.swift; path = AppDelegate.swift; sourceTree = "<group>"; };
		6BBF88262394A0AA00B07DC6 /* SceneDelegate.swift */ = {isa = PBXFileReference; lastKnownFileType = sourcecode.swift; path = SceneDelegate.swift; sourceTree = "<group>"; };
		6BBF88282394A0AA00B07DC6 /* ViewController.swift */ = {isa = PBXFileReference; lastKnownFileType = sourcecode.swift; path = ViewController.swift; sourceTree = "<group>"; };
		6BBF882B2394A0AA00B07DC6 /* Base */ = {isa = PBXFileReference; lastKnownFileType = file.storyboard; name = Base; path = Base.lproj/Main.storyboard; sourceTree = "<group>"; };
		6BBF88302394A0AB00B07DC6 /* Base */ = {isa = PBXFileReference; lastKnownFileType = file.storyboard; name = Base; path = Base.lproj/LaunchScreen.storyboard; sourceTree = "<group>"; };
		6BBF88322394A0AB00B07DC6 /* Info.plist */ = {isa = PBXFileReference; lastKnownFileType = text.plist.xml; path = Info.plist; sourceTree = "<group>"; };
		84662224301FABED006C12F5 /* DC Bahaí Walking Tour.entitlements */ = {isa = PBXFileReference; lastKnownFileType = text.plist.entitlements; path = "DC Bahaí Walking Tour.entitlements"; sourceTree = "<group>"; };
		DF0CAB352516234000828181 /* LocationDetailsViewController.swift */ = {isa = PBXFileReference; lastKnownFileType = sourcecode.swift; path = LocationDetailsViewController.swift; sourceTree = "<group>"; };
		DF897CA425164BB4001F9B85 /* CustomArtworkCalloutView.swift */ = {isa = PBXFileReference; lastKnownFileType = sourcecode.swift; path = CustomArtworkCalloutView.swift; sourceTree = "<group>"; };
/* End PBXFileReference section */

/* Begin PBXFrameworksBuildPhase section */
		6BBF881E2394A0AA00B07DC6 /* Frameworks */ = {
			isa = PBXFrameworksBuildPhase;
			buildActionMask = 2147483647;
			files = (
			);
			runOnlyForDeploymentPostprocessing = 0;
		};
/* End PBXFrameworksBuildPhase section */

/* Begin PBXGroup section */
		6BBF88182394A0AA00B07DC6 = {
			isa = PBXGroup;
			children = (
				84662224301FABED006C12F5 /* DC Bahaí Walking Tour.entitlements */,
				6BBF88232394A0AA00B07DC6 /* DC Bahai Walking Tour */,
				6BBF88222394A0AA00B07DC6 /* Products */,
			);
			sourceTree = "<group>";
		};
		6BBF88222394A0AA00B07DC6 /* Products */ = {
			isa = PBXGroup;
			children = (
				6BBF88212394A0AA00B07DC6 /* DC Bahaí Walking Tour.app */,
			);
			name = Products;
			sourceTree = "<group>";
		};
		6BBF88232394A0AA00B07DC6 /* DC Bahai Walking Tour */ = {
			isa = PBXGroup;
			children = (
				6BBF88282394A0AA00B07DC6 /* ViewController.swift */,
				6B31094E23954F170016E2D5 /* Artwork.swift */,
				6B302B862395F4CD00BC77D4 /* ArtworkViews.swift */,
				6B302B882395FB9600BC77D4 /* Assets.xcassets */,
				6B55BF13251E2E8300CB2CA0 /* data.json */,
				6BBF882A2394A0AA00B07DC6 /* Main.storyboard */,
				6BBF882F2394A0AB00B07DC6 /* LaunchScreen.storyboard */,
				6BBF88322394A0AB00B07DC6 /* Info.plist */,
				6BBF88262394A0AA00B07DC6 /* SceneDelegate.swift */,
				6BBF88242394A0AA00B07DC6 /* AppDelegate.swift */,
				DF0CAB352516234000828181 /* LocationDetailsViewController.swift */,
				DF897CA425164BB4001F9B85 /* CustomArtworkCalloutView.swift */,
			);
			path = "DC Bahai Walking Tour";
			sourceTree = "<group>";
		};
/* End PBXGroup section */

/* Begin PBXNativeTarget section */
		6BBF88202394A0AA00B07DC6 /* DC Bahaí Walking Tour */ = {
			isa = PBXNativeTarget;
			buildConfigurationList = 6BBF88352394A0AB00B07DC6 /* Build configuration list for PBXNativeTarget "DC Bahaí Walking Tour" */;
			buildPhases = (
				6BBF881D2394A0AA00B07DC6 /* Sources */,
				6BBF881E2394A0AA00B07DC6 /* Frameworks */,
				6BBF881F2394A0AA00B07DC6 /* Resources */,
			);
			buildRules = (
			);
			dependencies = (
			);
			name = "DC Bahaí Walking Tour";
			productName = "DC Bahai Walking Tour";
			productReference = 6BBF88212394A0AA00B07DC6 /* DC Bahaí Walking Tour.app */;
			productType = "com.apple.product-type.application";
		};
/* End PBXNativeTarget section */

/* Begin PBXProject section */
		6BBF88192394A0AA00B07DC6 /* Project object */ = {
			isa = PBXProject;
			attributes = {
				BuildIndependentTargetsInParallel = YES;
				LastSwiftUpdateCheck = 1120;
				LastUpgradeCheck = 2660;
				ORGANIZATIONNAME = "Deeba Yavrom";
				TargetAttributes = {
					6BBF88202394A0AA00B07DC6 = {
						CreatedOnToolsVersion = 11.2.1;
					};
				};
			};
			buildConfigurationList = 6BBF881C2394A0AA00B07DC6 /* Build configuration list for PBXProject "DC Bahaí Walking Tour" */;
			compatibilityVersion = "Xcode 9.3";
			developmentRegion = en;
			hasScannedForEncodings = 0;
			knownRegions = (
				en,
				Base,
			);
			mainGroup = 6BBF88182394A0AA00B07DC6;
			productRefGroup = 6BBF88222394A0AA00B07DC6 /* Products */;
			projectDirPath = "";
			projectRoot = "";
			targets = (
				6BBF88202394A0AA00B07DC6 /* DC Bahaí Walking Tour */,
			);
		};
/* End PBXProject section */

/* Begin PBXResourcesBuildPhase section */
		6BBF881F2394A0AA00B07DC6 /* Resources */ = {
			isa = PBXResourcesBuildPhase;
			buildActionMask = 2147483647;
			files = (
				6BBF88312394A0AB00B07DC6 /* LaunchScreen.storyboard in Resources */,
				6BBF882C2394A0AA00B07DC6 /* Main.storyboard in Resources */,
				6B55BF14251E2E8300CB2CA0 /* data.json in Resources */,
				6B302B892395FB9600BC77D4 /* Assets.xcassets in Resources */,
			);
			runOnlyForDeploymentPostprocessing = 0;
		};
/* End PBXResourcesBuildPhase section */

/* Begin PBXSourcesBuildPhase section */
		6BBF881D2394A0AA00B07DC6 /* Sources */ = {
			isa = PBXSourcesBuildPhase;
			buildActionMask = 2147483647;
			files = (
				DF0CAB362516234000828181 /* LocationDetailsViewController.swift in Sources */,
				6BBF88292394A0AA00B07DC6 /* ViewController.swift in Sources */,
				DF897CA525164BB4001F9B85 /* CustomArtworkCalloutView.swift in Sources */,
				6B302B872395F4CD00BC77D4 /* ArtworkViews.swift in Sources */,
				6BBF88252394A0AA00B07DC6 /* AppDelegate.swift in Sources */,
				6B31094F23954F170016E2D5 /* Artwork.swift in Sources */,
				6BBF88272394A0AA00B07DC6 /* SceneDelegate.swift in Sources */,
			);
			runOnlyForDeploymentPostprocessing = 0;
		};
/* End PBXSourcesBuildPhase section */

/* Begin PBXVariantGroup section */
		6BBF882A2394A0AA00B07DC6 /* Main.storyboard */ = {
			isa = PBXVariantGroup;
			children = (
				6BBF882B2394A0AA00B07DC6 /* Base */,
			);
			name = Main.storyboard;
			sourceTree = "<group>";
		};
		6BBF882F2394A0AB00B07DC6 /* LaunchScreen.storyboard */ = {
			isa = PBXVariantGroup;
			children = (
				6BBF88302394A0AB00B07DC6 /* Base */,
			);
			name = LaunchScreen.storyboard;
			sourceTree = "<group>";
		};
/* End PBXVariantGroup section */

/* Begin XCBuildConfiguration section */
		6BBF88332394A0AB00B07DC6 /* Debug */ = {
			isa = XCBuildConfiguration;
			buildSettings = {
				ALWAYS_SEARCH_USER_PATHS = NO;
				CLANG_ANALYZER_NONNULL = YES;
				CLANG_ANALYZER_NUMBER_OBJECT_CONVERSION = YES_AGGRESSIVE;
				CLANG_CXX_LANGUAGE_STANDARD = "gnu++14";
				CLANG_CXX_LIBRARY = "libc++";
				CLANG_ENABLE_MODULES = YES;
				CLANG_ENABLE_OBJC_ARC = YES;
				CLANG_ENABLE_OBJC_WEAK = YES;
				CLANG_WARN_BLOCK_CAPTURE_AUTORELEASING = YES;
				CLANG_WARN_BOOL_CONVERSION = YES;
				CLANG_WARN_COMMA = YES;
				CLANG_WARN_CONSTANT_CONVERSION = YES;
				CLANG_WARN_DEPRECATED_OBJC_IMPLEMENTATIONS = YES;
				CLANG_WARN_DIRECT_OBJC_ISA_USAGE = YES_ERROR;
				CLANG_WARN_DOCUMENTATION_COMMENTS = YES;
				CLANG_WARN_EMPTY_BODY = YES;
				CLANG_WARN_ENUM_CONVERSION = YES;
				CLANG_WARN_INFINITE_RECURSION = YES;
				CLANG_WARN_INT_CONVERSION = YES;
				CLANG_WARN_NON_LITERAL_NULL_CONVERSION = YES;
				CLANG_WARN_OBJC_IMPLICIT_RETAIN_SELF = YES;
				CLANG_WARN_OBJC_LITERAL_CONVERSION = YES;
				CLANG_WARN_OBJC_ROOT_CLASS = YES_ERROR;
				CLANG_WARN_QUOTED_INCLUDE_IN_FRAMEWORK_HEADER = YES;
				CLANG_WARN_RANGE_LOOP_ANALYSIS = YES;
				CLANG_WARN_STRICT_PROTOTYPES = YES;
				CLANG_WARN_SUSPICIOUS_MOVE = YES;
				CLANG_WARN_UNGUARDED_AVAILABILITY = YES_AGGRESSIVE;
				CLANG_WARN_UNREACHABLE_CODE = YES;
				CLANG_WARN__DUPLICATE_METHOD_MATCH = YES;
				COPY_PHASE_STRIP = NO;
				DEBUG_INFORMATION_FORMAT = dwarf;
				DEVELOPMENT_TEAM = AVWR5GZ7QU;
				ENABLE_STRICT_OBJC_MSGSEND = YES;
				ENABLE_TESTABILITY = YES;
				ENABLE_USER_SCRIPT_SANDBOXING = YES;
				GCC_C_LANGUAGE_STANDARD = gnu11;
				GCC_DYNAMIC_NO_PIC = NO;
				GCC_NO_COMMON_BLOCKS = YES;
				GCC_OPTIMIZATION_LEVEL = 0;
				GCC_PREPROCESSOR_DEFINITIONS = (
					"DEBUG=1",
					"$(inherited)",
				);
				GCC_WARN_64_TO_32_BIT_CONVERSION = YES;
				GCC_WARN_ABOUT_RETURN_TYPE = YES_ERROR;
				GCC_WARN_UNDECLARED_SELECTOR = YES;
				GCC_WARN_UNINITIALIZED_AUTOS = YES_AGGRESSIVE;
				GCC_WARN_UNUSED_FUNCTION = YES;
				GCC_WARN_UNUSED_VARIABLE = YES;
				IPHONEOS_DEPLOYMENT_TARGET = 13.0;
				MTL_ENABLE_DEBUG_INFO = INCLUDE_SOURCE;
				MTL_FAST_MATH = YES;
				ONLY_ACTIVE_ARCH = YES;
				SDKROOT = iphoneos;
				STRING_CATALOG_GENERATE_SYMBOLS = YES;
				SWIFT_ACTIVE_COMPILATION_CONDITIONS = DEBUG;
				SWIFT_OPTIMIZATION_LEVEL = "-Onone";
			};
			name = Debug;
		};
		6BBF88342394A0AB00B07DC6 /* Release */ = {
			isa = XCBuildConfiguration;
			buildSettings = {
				ALWAYS_SEARCH_USER_PATHS = NO;
				CLANG_ANALYZER_NONNULL = YES;
				CLANG_ANALYZER_NUMBER_OBJECT_CONVERSION = YES_AGGRESSIVE;
				CLANG_CXX_LANGUAGE_STANDARD = "gnu++14";
				CLANG_CXX_LIBRARY = "libc++";
				CLANG_ENABLE_MODULES = YES;
				CLANG_ENABLE_OBJC_ARC = YES;
				CLANG_ENABLE_OBJC_WEAK = YES;
				CLANG_WARN_BLOCK_CAPTURE_AUTORELEASING = YES;
				CLANG_WARN_BOOL_CONVERSION = YES;
				CLANG_WARN_COMMA = YES;
				CLANG_WARN_CONSTANT_CONVERSION = YES;
				CLANG_WARN_DEPRECATED_OBJC_IMPLEMENTATIONS = YES;
				CLANG_WARN_DIRECT_OBJC_ISA_USAGE = YES_ERROR;
				CLANG_WARN_DOCUMENTATION_COMMENTS = YES;
				CLANG_WARN_EMPTY_BODY = YES;
				CLANG_WARN_ENUM_CONVERSION = YES;
				CLANG_WARN_INFINITE_RECURSION = YES;
				CLANG_WARN_INT_CONVERSION = YES;
				CLANG_WARN_NON_LITERAL_NULL_CONVERSION = YES;
				CLANG_WARN_OBJC_IMPLICIT_RETAIN_SELF = YES;
				CLANG_WARN_OBJC_LITERAL_CONVERSION = YES;
				CLANG_WARN_OBJC_ROOT_CLASS = YES_ERROR;
				CLANG_WARN_QUOTED_INCLUDE_IN_FRAMEWORK_HEADER = YES;
				CLANG_WARN_RANGE_LOOP_ANALYSIS = YES;
				CLANG_WARN_STRICT_PROTOTYPES = YES;
				CLANG_WARN_SUSPICIOUS_MOVE = YES;
				CLANG_WARN_UNGUARDED_AVAILABILITY = YES_AGGRESSIVE;
				CLANG_WARN_UNREACHABLE_CODE = YES;
				CLANG_WARN__DUPLICATE_METHOD_MATCH = YES;
				COPY_PHASE_STRIP = NO;
				DEBUG_INFORMATION_FORMAT = "dwarf-with-dsym";
				DEVELOPMENT_TEAM = AVWR5GZ7QU;
				ENABLE_NS_ASSERTIONS = NO;
				ENABLE_STRICT_OBJC_MSGSEND = YES;
				ENABLE_USER_SCRIPT_SANDBOXING = YES;
				GCC_C_LANGUAGE_STANDARD = gnu11;
				GCC_NO_COMMON_BLOCKS = YES;
				GCC_WARN_64_TO_32_BIT_CONVERSION = YES;
				GCC_WARN_ABOUT_RETURN_TYPE = YES_ERROR;
				GCC_WARN_UNDECLARED_SELECTOR = YES;
				GCC_WARN_UNINITIALIZED_AUTOS = YES_AGGRESSIVE;
				GCC_WARN_UNUSED_FUNCTION = YES;
				GCC_WARN_UNUSED_VARIABLE = YES;
				IPHONEOS_DEPLOYMENT_TARGET = 13.0;
				MTL_ENABLE_DEBUG_INFO = NO;
				MTL_FAST_MATH = YES;
				SDKROOT = iphoneos;
				STRING_CATALOG_GENERATE_SYMBOLS = YES;
				SWIFT_COMPILATION_MODE = wholemodule;
				SWIFT_OPTIMIZATION_LEVEL = "-O";
				VALIDATE_PRODUCT = YES;
			};
			name = Release;
		};
		6BBF88362394A0AB00B07DC6 /* Debug */ = {
			isa = XCBuildConfiguration;
			buildSettings = {
				ASSETCATALOG_COMPILER_APPICON_NAME = AppIcon;
				CODE_SIGN_ENTITLEMENTS = "DC Bahaí Walking Tour.entitlements";
				CODE_SIGN_STYLE = Automatic;
				INFOPLIST_FILE = "DC Bahai Walking Tour/Info.plist";
				IPHONEOS_DEPLOYMENT_TARGET = 15.6;
				LD_RUNPATH_SEARCH_PATHS = (
					"$(inherited)",
					"@executable_path/Frameworks",
				);
				MARKETING_VERSION = 1.4;
				PRODUCT_BUNDLE_IDENTIFIER = "DeebaYavrom.DC-Bahai-Walking-Tour";
				PRODUCT_NAME = "$(TARGET_NAME)";
				SUPPORTS_MACCATALYST = YES;
				SWIFT_VERSION = 5.0;
				TARGETED_DEVICE_FAMILY = "1,2";
			};
			name = Debug;
		};
		6BBF88372394A0AB00B07DC6 /* Release */ = {
			isa = XCBuildConfiguration;
			buildSettings = {
				ASSETCATALOG_COMPILER_APPICON_NAME = AppIcon;
				CODE_SIGN_ENTITLEMENTS = "DC Bahaí Walking Tour.entitlements";
				CODE_SIGN_STYLE = Automatic;
				INFOPLIST_FILE = "DC Bahai Walking Tour/Info.plist";
				IPHONEOS_DEPLOYMENT_TARGET = 15.6;
				LD_RUNPATH_SEARCH_PATHS = (
					"$(inherited)",
					"@executable_path/Frameworks",
				);
				MARKETING_VERSION = 1.4;
				PRODUCT_BUNDLE_IDENTIFIER = "DeebaYavrom.DC-Bahai-Walking-Tour";
				PRODUCT_NAME = "$(TARGET_NAME)";
				SUPPORTS_MACCATALYST = YES;
				SWIFT_VERSION = 5.0;
				TARGETED_DEVICE_FAMILY = "1,2";
			};
			name = Release;
		};
/* End XCBuildConfiguration section */

/* Begin XCConfigurationList section */
		6BBF881C2394A0AA00B07DC6 /* Build configuration list for PBXProject "DC Bahaí Walking Tour" */ = {
			isa = XCConfigurationList;
			buildConfigurations = (
				6BBF88332394A0AB00B07DC6 /* Debug */,
				6BBF88342394A0AB00B07DC6 /* Release */,
			);
			defaultConfigurationIsVisible = 0;
			defaultConfigurationName = Release;
		};
		6BBF88352394A0AB00B07DC6 /* Build configuration list for PBXNativeTarget "DC Bahaí Walking Tour" */ = {
			isa = XCConfigurationList;
			buildConfigurations = (
				6BBF88362394A0AB00B07DC6 /* Debug */,
				6BBF88372394A0AB00B07DC6 /* Release */,
			);
			defaultConfigurationIsVisible = 0;
			defaultConfigurationName = Release;
		};
/* End XCConfigurationList section */
	};
	rootObject = 6BBF88192394A0AA00B07DC6 /* Project object */;
}
